// !$*UTF8*$!
{
	archiveVersion = 1;
	classes = {
	};
	objectVersion = 46;
	objects = {

/* Begin PBXBuildFile section */
		6997BD609E4297FF55BC3140 /* Pods_weatherAppUITests.framework in Frameworks */ = {isa = PBXBuildFile; fileRef = 7511229785AD3372A7F8DF65 /* Pods_weatherAppUITests.framework */; };
		75F3762FCA25E9A4B35AD85B /* Pods_weatherAppTests.framework in Frameworks */ = {isa = PBXBuildFile; fileRef = C7F317CFF64B31C117153475 /* Pods_weatherAppTests.framework */; };
		A521359B8CA5EB40031F52B4 /* Pods_weatherApp.framework in Frameworks */ = {isa = PBXBuildFile; fileRef = D4819F530D6AE3DAC5EB9596 /* Pods_weatherApp.framework */; };
		F40C86651EA57256009A6883 /* Forecast.swift in Sources */ = {isa = PBXBuildFile; fileRef = F40C86641EA57256009A6883 /* Forecast.swift */; };
		F414A8E01E9C619B008F576F /* Constants.swift in Sources */ = {isa = PBXBuildFile; fileRef = F414A8DF1E9C619B008F576F /* Constants.swift */; };
		F414A8E21E9C6C31008F576F /* CurrentWeather.swift in Sources */ = {isa = PBXBuildFile; fileRef = F414A8E11E9C6C31008F576F /* CurrentWeather.swift */; };
		F41BDBB21E998A590029DF1B /* AppDelegate.swift in Sources */ = {isa = PBXBuildFile; fileRef = F41BDBB11E998A590029DF1B /* AppDelegate.swift */; };
		F41BDBB41E998A590029DF1B /* WeatherVC.swift in Sources */ = {isa = PBXBuildFile; fileRef = F41BDBB31E998A590029DF1B /* WeatherVC.swift */; };
		F41BDBB71E998A590029DF1B /* Main.storyboard in Resources */ = {isa = PBXBuildFile; fileRef = F41BDBB51E998A590029DF1B /* Main.storyboard */; };
		F41BDBB91E998A590029DF1B /* Assets.xcassets in Resources */ = {isa = PBXBuildFile; fileRef = F41BDBB81E998A590029DF1B /* Assets.xcassets */; };
		F41BDBBC1E998A590029DF1B /* LaunchScreen.storyboard in Resources */ = {isa = PBXBuildFile; fileRef = F41BDBBA1E998A590029DF1B /* LaunchScreen.storyboard */; };
		F41BDBC71E998A590029DF1B /* weatherAppTests.swift in Sources */ = {isa = PBXBuildFile; fileRef = F41BDBC61E998A590029DF1B /* weatherAppTests.swift */; };
		F41BDBD21E998A590029DF1B /* weatherAppUITests.swift in Sources */ = {isa = PBXBuildFile; fileRef = F41BDBD11E998A590029DF1B /* weatherAppUITests.swift */; };
		F41F9ABD1EA7EF9C00D26A52 /* WeatherCell.swift in Sources */ = {isa = PBXBuildFile; fileRef = F41F9ABC1EA7EF9C00D26A52 /* WeatherCell.swift */; };
		F46F30F31E9D697500B0E847 /* Alamofire.framework in Frameworks */ = {isa = PBXBuildFile; fileRef = F46F30E61E9D68AF00B0E847 /* Alamofire.framework */; };
		F46F30F41E9D697500B0E847 /* Alamofire.framework in Embed Frameworks */ = {isa = PBXBuildFile; fileRef = F46F30E61E9D68AF00B0E847 /* Alamofire.framework */; settings = {ATTRIBUTES = (CodeSignOnCopy, RemoveHeadersOnCopy, ); }; };
		F4C295561EAA7B9B00E48A92 /* Location.swift in Sources */ = {isa = PBXBuildFile; fileRef = F4C295551EAA7B9B00E48A92 /* Location.swift */; };
/* End PBXBuildFile section */

/* Begin PBXContainerItemProxy section */
		F41BDBC31E998A590029DF1B /* PBXContainerItemProxy */ = {
			isa = PBXContainerItemProxy;
			containerPortal = F41BDBA61E998A590029DF1B /* Project object */;
			proxyType = 1;
			remoteGlobalIDString = F41BDBAD1E998A590029DF1B;
			remoteInfo = weatherApp;
		};
		F41BDBCE1E998A590029DF1B /* PBXContainerItemProxy */ = {
			isa = PBXContainerItemProxy;
			containerPortal = F41BDBA61E998A590029DF1B /* Project object */;
			proxyType = 1;
			remoteGlobalIDString = F41BDBAD1E998A590029DF1B;
			remoteInfo = weatherApp;
		};
		F46F30E51E9D68AF00B0E847 /* PBXContainerItemProxy */ = {
			isa = PBXContainerItemProxy;
			containerPortal = F46F30DA1E9D68AF00B0E847 /* Alamofire.xcodeproj */;
			proxyType = 2;
			remoteGlobalIDString = F8111E3319A95C8B0040E7D1;
			remoteInfo = "Alamofire iOS";
		};
		F46F30E71E9D68AF00B0E847 /* PBXContainerItemProxy */ = {
			isa = PBXContainerItemProxy;
			containerPortal = F46F30DA1E9D68AF00B0E847 /* Alamofire.xcodeproj */;
			proxyType = 2;
			remoteGlobalIDString = F8111E3E19A95C8B0040E7D1;
			remoteInfo = "Alamofire iOS Tests";
		};
		F46F30E91E9D68AF00B0E847 /* PBXContainerItemProxy */ = {
			isa = PBXContainerItemProxy;
			containerPortal = F46F30DA1E9D68AF00B0E847 /* Alamofire.xcodeproj */;
			proxyType = 2;
			remoteGlobalIDString = 4DD67C0B1A5C55C900ED2280;
			remoteInfo = "Alamofire macOS";
		};
		F46F30EB1E9D68AF00B0E847 /* PBXContainerItemProxy */ = {
			isa = PBXContainerItemProxy;
			containerPortal = F46F30DA1E9D68AF00B0E847 /* Alamofire.xcodeproj */;
			proxyType = 2;
			remoteGlobalIDString = F829C6B21A7A94F100A2CD59;
			remoteInfo = "Alamofire macOS Tests";
		};
		F46F30ED1E9D68AF00B0E847 /* PBXContainerItemProxy */ = {
			isa = PBXContainerItemProxy;
			containerPortal = F46F30DA1E9D68AF00B0E847 /* Alamofire.xcodeproj */;
			proxyType = 2;
			remoteGlobalIDString = 4CF626EF1BA7CB3E0011A099;
			remoteInfo = "Alamofire tvOS";
		};
		F46F30EF1E9D68AF00B0E847 /* PBXContainerItemProxy */ = {
			isa = PBXContainerItemProxy;
			containerPortal = F46F30DA1E9D68AF00B0E847 /* Alamofire.xcodeproj */;
			proxyType = 2;
			remoteGlobalIDString = 4CF626F81BA7CB3E0011A099;
			remoteInfo = "Alamofire tvOS Tests";
		};
		F46F30F11E9D68AF00B0E847 /* PBXContainerItemProxy */ = {
			isa = PBXContainerItemProxy;
			containerPortal = F46F30DA1E9D68AF00B0E847 /* Alamofire.xcodeproj */;
			proxyType = 2;
			remoteGlobalIDString = E4202FE01B667AA100C997FB;
			remoteInfo = "Alamofire watchOS";
		};
		F46F30F51E9D697500B0E847 /* PBXContainerItemProxy */ = {
			isa = PBXContainerItemProxy;
			containerPortal = F46F30DA1E9D68AF00B0E847 /* Alamofire.xcodeproj */;
			proxyType = 1;
			remoteGlobalIDString = F8111E3219A95C8B0040E7D1;
			remoteInfo = "Alamofire iOS";
		};
/* End PBXContainerItemProxy section */

/* Begin PBXCopyFilesBuildPhase section */
		F46F30F71E9D697500B0E847 /* Embed Frameworks */ = {
			isa = PBXCopyFilesBuildPhase;
			buildActionMask = 2147483647;
			dstPath = "";
			dstSubfolderSpec = 10;
			files = (
				F46F30F41E9D697500B0E847 /* Alamofire.framework in Embed Frameworks */,
			);
			name = "Embed Frameworks";
			runOnlyForDeploymentPostprocessing = 0;
		};
/* End PBXCopyFilesBuildPhase section */

/* Begin PBXFileReference section */
		1FA4FEA9DAB553D29F32CF9E /* Pods-weatherAppUITests.release.xcconfig */ = {isa = PBXFileReference; includeInIndex = 1; lastKnownFileType = text.xcconfig; name = "Pods-weatherAppUITests.release.xcconfig"; path = "Pods/Target Support Files/Pods-weatherAppUITests/Pods-weatherAppUITests.release.xcconfig"; sourceTree = "<group>"; };
		4DAE3A34B02206D9DFDDF613 /* Pods-weatherAppTests.debug.xcconfig */ = {isa = PBXFileReference; includeInIndex = 1; lastKnownFileType = text.xcconfig; name = "Pods-weatherAppTests.debug.xcconfig"; path = "Pods/Target Support Files/Pods-weatherAppTests/Pods-weatherAppTests.debug.xcconfig"; sourceTree = "<group>"; };
		5D8ADF2057A71DC7F69B2CF4 /* Pods-weatherAppTests.release.xcconfig */ = {isa = PBXFileReference; includeInIndex = 1; lastKnownFileType = text.xcconfig; name = "Pods-weatherAppTests.release.xcconfig"; path = "Pods/Target Support Files/Pods-weatherAppTests/Pods-weatherAppTests.release.xcconfig"; sourceTree = "<group>"; };
		6E55D9811A999C790DC6F62E /* Pods-weatherAppUITests.debug.xcconfig */ = {isa = PBXFileReference; includeInIndex = 1; lastKnownFileType = text.xcconfig; name = "Pods-weatherAppUITests.debug.xcconfig"; path = "Pods/Target Support Files/Pods-weatherAppUITests/Pods-weatherAppUITests.debug.xcconfig"; sourceTree = "<group>"; };
		7511229785AD3372A7F8DF65 /* Pods_weatherAppUITests.framework */ = {isa = PBXFileReference; explicitFileType = wrapper.framework; includeInIndex = 0; path = Pods_weatherAppUITests.framework; sourceTree = BUILT_PRODUCTS_DIR; };
		9035BF9A5FBB63B9915E69B9 /* Pods-weatherApp.debug.xcconfig */ = {isa = PBXFileReference; includeInIndex = 1; lastKnownFileType = text.xcconfig; name = "Pods-weatherApp.debug.xcconfig"; path = "Pods/Target Support Files/Pods-weatherApp/Pods-weatherApp.debug.xcconfig"; sourceTree = "<group>"; };
		C7F317CFF64B31C117153475 /* Pods_weatherAppTests.framework */ = {isa = PBXFileReference; explicitFileType = wrapper.framework; includeInIndex = 0; path = Pods_weatherAppTests.framework; sourceTree = BUILT_PRODUCTS_DIR; };
		D15A0D083E5E216532BA2138 /* Pods-weatherApp.release.xcconfig */ = {isa = PBXFileReference; includeInIndex = 1; lastKnownFileType = text.xcconfig; name = "Pods-weatherApp.release.xcconfig"; path = "Pods/Target Support Files/Pods-weatherApp/Pods-weatherApp.release.xcconfig"; sourceTree = "<group>"; };
		D4819F530D6AE3DAC5EB9596 /* Pods_weatherApp.framework */ = {isa = PBXFileReference; explicitFileType = wrapper.framework; includeInIndex = 0; path = Pods_weatherApp.framework; sourceTree = BUILT_PRODUCTS_DIR; };
		F40C86641EA57256009A6883 /* Forecast.swift */ = {isa = PBXFileReference; fileEncoding = 4; lastKnownFileType = sourcecode.swift; path = Forecast.swift; sourceTree = "<group>"; };
		F414A8DF1E9C619B008F576F /* Constants.swift */ = {isa = PBXFileReference; fileEncoding = 4; lastKnownFileType = sourcecode.swift; path = Constants.swift; sourceTree = "<group>"; };
		F414A8E11E9C6C31008F576F /* CurrentWeather.swift */ = {isa = PBXFileReference; fileEncoding = 4; lastKnownFileType = sourcecode.swift; path = CurrentWeather.swift; sourceTree = "<group>"; };
		F41BDBAE1E998A590029DF1B /* weatherApp.app */ = {isa = PBXFileReference; explicitFileType = wrapper.application; includeInIndex = 0; path = weatherApp.app; sourceTree = BUILT_PRODUCTS_DIR; };
		F41BDBB11E998A590029DF1B /* AppDelegate.swift */ = {isa = PBXFileReference; lastKnownFileType = sourcecode.swift; path = AppDelegate.swift; sourceTree = "<group>"; };
		F41BDBB31E998A590029DF1B /* WeatherVC.swift */ = {isa = PBXFileReference; lastKnownFileType = sourcecode.swift; path = WeatherVC.swift; sourceTree = "<group>"; };
		F41BDBB61E998A590029DF1B /* Base */ = {isa = PBXFileReference; lastKnownFileType = file.storyboard; name = Base; path = Base.lproj/Main.storyboard; sourceTree = "<group>"; };
		F41BDBB81E998A590029DF1B /* Assets.xcassets */ = {isa = PBXFileReference; lastKnownFileType = folder.assetcatalog; path = Assets.xcassets; sourceTree = "<group>"; };
		F41BDBBB1E998A590029DF1B /* Base */ = {isa = PBXFileReference; lastKnownFileType = file.storyboard; name = Base; path = Base.lproj/LaunchScreen.storyboard; sourceTree = "<group>"; };
		F41BDBBD1E998A590029DF1B /* Info.plist */ = {isa = PBXFileReference; lastKnownFileType = text.plist.xml; path = Info.plist; sourceTree = "<group>"; };
		F41BDBC21E998A590029DF1B /* weatherAppTests.xctest */ = {isa = PBXFileReference; explicitFileType = wrapper.cfbundle; includeInIndex = 0; path = weatherAppTests.xctest; sourceTree = BUILT_PRODUCTS_DIR; };
		F41BDBC61E998A590029DF1B /* weatherAppTests.swift */ = {isa = PBXFileReference; lastKnownFileType = sourcecode.swift; path = weatherAppTests.swift; sourceTree = "<group>"; };
		F41BDBC81E998A590029DF1B /* Info.plist */ = {isa = PBXFileReference; lastKnownFileType = text.plist.xml; path = Info.plist; sourceTree = "<group>"; };
		F41BDBCD1E998A590029DF1B /* weatherAppUITests.xctest */ = {isa = PBXFileReference; explicitFileType = wrapper.cfbundle; includeInIndex = 0; path = weatherAppUITests.xctest; sourceTree = BUILT_PRODUCTS_DIR; };
		F41BDBD11E998A590029DF1B /* weatherAppUITests.swift */ = {isa = PBXFileReference; lastKnownFileType = sourcecode.swift; path = weatherAppUITests.swift; sourceTree = "<group>"; };
		F41BDBD31E998A590029DF1B /* Info.plist */ = {isa = PBXFileReference; lastKnownFileType = text.plist.xml; path = Info.plist; sourceTree = "<group>"; };
		F41F9ABC1EA7EF9C00D26A52 /* WeatherCell.swift */ = {isa = PBXFileReference; fileEncoding = 4; lastKnownFileType = sourcecode.swift; path = WeatherCell.swift; sourceTree = "<group>"; };
		F431CF321E9D3F790025A63E /* Alamofire.framework */ = {isa = PBXFileReference; lastKnownFileType = wrapper.framework; name = Alamofire.framework; path = "Pods/../build/Debug-iphoneos/Alamofire/Alamofire.framework"; sourceTree = "<group>"; };
		F431CF711E9D5BC20025A63E /* Alamofire.framework */ = {isa = PBXFileReference; lastKnownFileType = wrapper.framework; name = Alamofire.framework; path = "Pods/../build/Debug-iphoneos/Alamofire/Alamofire.framework"; sourceTree = "<group>"; };
		F431CF761E9D63150025A63E /* Alamofire.framework */ = {isa = PBXFileReference; lastKnownFileType = wrapper.framework; name = Alamofire.framework; path = "Pods/../build/Debug-iphoneos/Alamofire/Alamofire.framework"; sourceTree = "<group>"; };
		F46F30DA1E9D68AF00B0E847 /* Alamofire.xcodeproj */ = {isa = PBXFileReference; lastKnownFileType = "wrapper.pb-project"; name = Alamofire.xcodeproj; path = Alamofire/Alamofire.xcodeproj; sourceTree = "<group>"; };
		F49A744B1E9C86DA00C563CE /* Alamofire.framework */ = {isa = PBXFileReference; lastKnownFileType = wrapper.framework; name = Alamofire.framework; path = "Pods/../build/Debug-iphoneos/Alamofire/Alamofire.framework"; sourceTree = "<group>"; };
		F4C295551EAA7B9B00E48A92 /* Location.swift */ = {isa = PBXFileReference; fileEncoding = 4; lastKnownFileType = sourcecode.swift; path = Location.swift; sourceTree = "<group>"; };
/* End PBXFileReference section */

/* Begin PBXFrameworksBuildPhase section */
		F41BDBAB1E998A590029DF1B /* Frameworks */ = {
			isa = PBXFrameworksBuildPhase;
			buildActionMask = 2147483647;
			files = (
				F46F30F31E9D697500B0E847 /* Alamofire.framework in Frameworks */,
				A521359B8CA5EB40031F52B4 /* Pods_weatherApp.framework in Frameworks */,
			);
			runOnlyForDeploymentPostprocessing = 0;
		};
		F41BDBBF1E998A590029DF1B /* Frameworks */ = {
			isa = PBXFrameworksBuildPhase;
			buildActionMask = 2147483647;
			files = (
				75F3762FCA25E9A4B35AD85B /* Pods_weatherAppTests.framework in Frameworks */,
			);
			runOnlyForDeploymentPostprocessing = 0;
		};
		F41BDBCA1E998A590029DF1B /* Frameworks */ = {
			isa = PBXFrameworksBuildPhase;
			buildActionMask = 2147483647;
			files = (
				6997BD609E4297FF55BC3140 /* Pods_weatherAppUITests.framework in Frameworks */,
			);
			runOnlyForDeploymentPostprocessing = 0;
		};
/* End PBXFrameworksBuildPhase section */

/* Begin PBXGroup section */
		22343EDB3067E97E31E1492D /* Pods */ = {
			isa = PBXGroup;
			children = (
				9035BF9A5FBB63B9915E69B9 /* Pods-weatherApp.debug.xcconfig */,
				D15A0D083E5E216532BA2138 /* Pods-weatherApp.release.xcconfig */,
				4DAE3A34B02206D9DFDDF613 /* Pods-weatherAppTests.debug.xcconfig */,
				5D8ADF2057A71DC7F69B2CF4 /* Pods-weatherAppTests.release.xcconfig */,
				6E55D9811A999C790DC6F62E /* Pods-weatherAppUITests.debug.xcconfig */,
				1FA4FEA9DAB553D29F32CF9E /* Pods-weatherAppUITests.release.xcconfig */,
			);
			name = Pods;
			sourceTree = "<group>";
		};
		64361ECF2FA3FEB52B365B80 /* Frameworks */ = {
			isa = PBXGroup;
			children = (
				F431CF761E9D63150025A63E /* Alamofire.framework */,
				F431CF711E9D5BC20025A63E /* Alamofire.framework */,
				F431CF321E9D3F790025A63E /* Alamofire.framework */,
				F49A744B1E9C86DA00C563CE /* Alamofire.framework */,
				D4819F530D6AE3DAC5EB9596 /* Pods_weatherApp.framework */,
				C7F317CFF64B31C117153475 /* Pods_weatherAppTests.framework */,
				7511229785AD3372A7F8DF65 /* Pods_weatherAppUITests.framework */,
			);
			name = Frameworks;
			sourceTree = "<group>";
		};
		F40C866D1EA57548009A6883 /* Controller */ = {
			isa = PBXGroup;
			children = (
				F41BDBB31E998A590029DF1B /* WeatherVC.swift */,
			);
			name = Controller;
			sourceTree = "<group>";
		};
		F414A8E31E9C6C3C008F576F /* Constants */ = {
			isa = PBXGroup;
			children = (
				F414A8DF1E9C619B008F576F /* Constants.swift */,
				F4C295551EAA7B9B00E48A92 /* Location.swift */,
			);
			name = Constants;
			sourceTree = "<group>";
		};
		F414A8E41E9C6C4F008F576F /* Model */ = {
			isa = PBXGroup;
			children = (
				F40C86641EA57256009A6883 /* Forecast.swift */,
				F414A8E11E9C6C31008F576F /* CurrentWeather.swift */,
			);
			name = Model;
			sourceTree = "<group>";
		};
		F41BDBA51E998A590029DF1B = {
			isa = PBXGroup;
			children = (
				F46F30DA1E9D68AF00B0E847 /* Alamofire.xcodeproj */,
				F41BDBB01E998A590029DF1B /* weatherApp */,
				F41BDBC51E998A590029DF1B /* weatherAppTests */,
				F41BDBD01E998A590029DF1B /* weatherAppUITests */,
				F41BDBAF1E998A590029DF1B /* Products */,
				22343EDB3067E97E31E1492D /* Pods */,
				64361ECF2FA3FEB52B365B80 /* Frameworks */,
			);
			sourceTree = "<group>";
		};
		F41BDBAF1E998A590029DF1B /* Products */ = {
			isa = PBXGroup;
			children = (
				F41BDBAE1E998A590029DF1B /* weatherApp.app */,
				F41BDBC21E998A590029DF1B /* weatherAppTests.xctest */,
				F41BDBCD1E998A590029DF1B /* weatherAppUITests.xctest */,
			);
			name = Products;
			sourceTree = "<group>";
		};
		F41BDBB01E998A590029DF1B /* weatherApp */ = {
			isa = PBXGroup;
			children = (
				F41F9AB41EA7EF7800D26A52 /* View */,
				F414A8E31E9C6C3C008F576F /* Constants */,
				F414A8E41E9C6C4F008F576F /* Model */,
				F40C866D1EA57548009A6883 /* Controller */,
				F41BDBB11E998A590029DF1B /* AppDelegate.swift */,
				F41BDBB51E998A590029DF1B /* Main.storyboard */,
				F41BDBB81E998A590029DF1B /* Assets.xcassets */,
				F41BDBBA1E998A590029DF1B /* LaunchScreen.storyboard */,
				F41BDBBD1E998A590029DF1B /* Info.plist */,
			);
			path = weatherApp;
			sourceTree = "<group>";
		};
		F41BDBC51E998A590029DF1B /* weatherAppTests */ = {
			isa = PBXGroup;
			children = (
				F41BDBC61E998A590029DF1B /* weatherAppTests.swift */,
				F41BDBC81E998A590029DF1B /* Info.plist */,
			);
			path = weatherAppTests;
			sourceTree = "<group>";
		};
		F41BDBD01E998A590029DF1B /* weatherAppUITests */ = {
			isa = PBXGroup;
			children = (
				F41BDBD11E998A590029DF1B /* weatherAppUITests.swift */,
				F41BDBD31E998A590029DF1B /* Info.plist */,
			);
			path = weatherAppUITests;
			sourceTree = "<group>";
		};
		F41F9AB41EA7EF7800D26A52 /* View */ = {
			isa = PBXGroup;
			children = (
				F41F9ABC1EA7EF9C00D26A52 /* WeatherCell.swift */,
			);
			name = View;
			sourceTree = "<group>";
		};
		F46F30DB1E9D68AF00B0E847 /* Products */ = {
			isa = PBXGroup;
			children = (
				F46F30E61E9D68AF00B0E847 /* Alamofire.framework */,
				F46F30E81E9D68AF00B0E847 /* Alamofire iOS Tests.xctest */,
				F46F30EA1E9D68AF00B0E847 /* Alamofire.framework */,
				F46F30EC1E9D68AF00B0E847 /* Alamofire macOS Tests.xctest */,
				F46F30EE1E9D68AF00B0E847 /* Alamofire.framework */,
				F46F30F01E9D68AF00B0E847 /* Alamofire tvOS Tests.xctest */,
				F46F30F21E9D68AF00B0E847 /* Alamofire.framework */,
			);
			name = Products;
			sourceTree = "<group>";
		};
/* End PBXGroup section */

/* Begin PBXNativeTarget section */
		F41BDBAD1E998A590029DF1B /* weatherApp */ = {
			isa = PBXNativeTarget;
			buildConfigurationList = F41BDBD61E998A590029DF1B /* Build configuration list for PBXNativeTarget "weatherApp" */;
			buildPhases = (
				F41BDBAB1E998A590029DF1B /* Frameworks */,
				F41BDBAA1E998A590029DF1B /* Sources */,
				FFCAB7D46342FF2664B829D6 /* [CP] Check Pods Manifest.lock */,
				E909F9E1BBDA5FCEFDE3BF0B /* [CP] Embed Pods Frameworks */,
				F41BDBAC1E998A590029DF1B /* Resources */,
				05DBC91A77E7514B4BF7B202 /* [CP] Copy Pods Resources */,
				F46F30F71E9D697500B0E847 /* Embed Frameworks */,
			);
			buildRules = (
			);
			dependencies = (
				F46F30F61E9D697500B0E847 /* PBXTargetDependency */,
			);
			name = weatherApp;
			productName = weatherApp;
			productReference = F41BDBAE1E998A590029DF1B /* weatherApp.app */;
			productType = "com.apple.product-type.application";
		};
		F41BDBC11E998A590029DF1B /* weatherAppTests */ = {
			isa = PBXNativeTarget;
			buildConfigurationList = F41BDBD91E998A590029DF1B /* Build configuration list for PBXNativeTarget "weatherAppTests" */;
			buildPhases = (
				035AA27AA26C9AE157FBC58A /* [CP] Check Pods Manifest.lock */,
				F41BDBBE1E998A590029DF1B /* Sources */,
				F41BDBBF1E998A590029DF1B /* Frameworks */,
				F41BDBC01E998A590029DF1B /* Resources */,
				96664D6965681A5CD0DD7201 /* [CP] Embed Pods Frameworks */,
				E14B2BAF628073F9F9C80D7B /* [CP] Copy Pods Resources */,
			);
			buildRules = (
			);
			dependencies = (
				F41BDBC41E998A590029DF1B /* PBXTargetDependency */,
			);
			name = weatherAppTests;
			productName = weatherAppTests;
			productReference = F41BDBC21E998A590029DF1B /* weatherAppTests.xctest */;
			productType = "com.apple.product-type.bundle.unit-test";
		};
		F41BDBCC1E998A590029DF1B /* weatherAppUITests */ = {
			isa = PBXNativeTarget;
			buildConfigurationList = F41BDBDC1E998A590029DF1B /* Build configuration list for PBXNativeTarget "weatherAppUITests" */;
			buildPhases = (
				412E2594E263D3C5FFB4D0E9 /* [CP] Check Pods Manifest.lock */,
				F41BDBC91E998A590029DF1B /* Sources */,
				F41BDBCA1E998A590029DF1B /* Frameworks */,
				F41BDBCB1E998A590029DF1B /* Resources */,
				A37BF4C27A40F4514A68581B /* [CP] Embed Pods Frameworks */,
				B381B848074E0233639E1C44 /* [CP] Copy Pods Resources */,
			);
			buildRules = (
			);
			dependencies = (
				F41BDBCF1E998A590029DF1B /* PBXTargetDependency */,
			);
			name = weatherAppUITests;
			productName = weatherAppUITests;
			productReference = F41BDBCD1E998A590029DF1B /* weatherAppUITests.xctest */;
			productType = "com.apple.product-type.bundle.ui-testing";
		};
/* End PBXNativeTarget section */

/* Begin PBXProject section */
		F41BDBA61E998A590029DF1B /* Project object */ = {
			isa = PBXProject;
			attributes = {
				LastSwiftUpdateCheck = 0820;
				LastUpgradeCheck = 0820;
				ORGANIZATIONNAME = "Bryan Fein";
				TargetAttributes = {
					F41BDBAD1E998A590029DF1B = {
						CreatedOnToolsVersion = 8.2.1;
						DevelopmentTeam = XYRU9GS26N;
						ProvisioningStyle = Automatic;
					};
					F41BDBC11E998A590029DF1B = {
						CreatedOnToolsVersion = 8.2.1;
						ProvisioningStyle = Automatic;
						TestTargetID = F41BDBAD1E998A590029DF1B;
					};
					F41BDBCC1E998A590029DF1B = {
						CreatedOnToolsVersion = 8.2.1;
						ProvisioningStyle = Automatic;
						TestTargetID = F41BDBAD1E998A590029DF1B;
					};
				};
			};
			buildConfigurationList = F41BDBA91E998A590029DF1B /* Build configuration list for PBXProject "weatherApp" */;
			compatibilityVersion = "Xcode 3.2";
			developmentRegion = English;
			hasScannedForEncodings = 0;
			knownRegions = (
				en,
				Base,
			);
			mainGroup = F41BDBA51E998A590029DF1B;
			productRefGroup = F41BDBAF1E998A590029DF1B /* Products */;
			projectDirPath = "";
			projectReferences = (
				{
					ProductGroup = F46F30DB1E9D68AF00B0E847 /* Products */;
					ProjectRef = F46F30DA1E9D68AF00B0E847 /* Alamofire.xcodeproj */;
				},
			);
			projectRoot = "";
			targets = (
				F41BDBAD1E998A590029DF1B /* weatherApp */,
				F41BDBC11E998A590029DF1B /* weatherAppTests */,
				F41BDBCC1E998A590029DF1B /* weatherAppUITests */,
			);
		};
/* End PBXProject section */

/* Begin PBXReferenceProxy section */
		F46F30E61E9D68AF00B0E847 /* Alamofire.framework */ = {
			isa = PBXReferenceProxy;
			fileType = wrapper.framework;
			path = Alamofire.framework;
			remoteRef = F46F30E51E9D68AF00B0E847 /* PBXContainerItemProxy */;
			sourceTree = BUILT_PRODUCTS_DIR;
		};
		F46F30E81E9D68AF00B0E847 /* Alamofire iOS Tests.xctest */ = {
			isa = PBXReferenceProxy;
			fileType = wrapper.cfbundle;
			path = "Alamofire iOS Tests.xctest";
			remoteRef = F46F30E71E9D68AF00B0E847 /* PBXContainerItemProxy */;
			sourceTree = BUILT_PRODUCTS_DIR;
		};
		F46F30EA1E9D68AF00B0E847 /* Alamofire.framework */ = {
			isa = PBXReferenceProxy;
			fileType = wrapper.framework;
			path = Alamofire.framework;
			remoteRef = F46F30E91E9D68AF00B0E847 /* PBXContainerItemProxy */;
			sourceTree = BUILT_PRODUCTS_DIR;
		};
		F46F30EC1E9D68AF00B0E847 /* Alamofire macOS Tests.xctest */ = {
			isa = PBXReferenceProxy;
			fileType = wrapper.cfbundle;
			path = "Alamofire macOS Tests.xctest";
			remoteRef = F46F30EB1E9D68AF00B0E847 /* PBXContainerItemProxy */;
			sourceTree = BUILT_PRODUCTS_DIR;
		};
		F46F30EE1E9D68AF00B0E847 /* Alamofire.framework */ = {
			isa = PBXReferenceProxy;
			fileType = wrapper.framework;
			path = Alamofire.framework;
			remoteRef = F46F30ED1E9D68AF00B0E847 /* PBXContainerItemProxy */;
			sourceTree = BUILT_PRODUCTS_DIR;
		};
		F46F30F01E9D68AF00B0E847 /* Alamofire tvOS Tests.xctest */ = {
			isa = PBXReferenceProxy;
			fileType = wrapper.cfbundle;
			path = "Alamofire tvOS Tests.xctest";
			remoteRef = F46F30EF1E9D68AF00B0E847 /* PBXContainerItemProxy */;
			sourceTree = BUILT_PRODUCTS_DIR;
		};
		F46F30F21E9D68AF00B0E847 /* Alamofire.framework */ = {
			isa = PBXReferenceProxy;
			fileType = wrapper.framework;
			path = Alamofire.framework;
			remoteRef = F46F30F11E9D68AF00B0E847 /* PBXContainerItemProxy */;
			sourceTree = BUILT_PRODUCTS_DIR;
		};
/* End PBXReferenceProxy section */

/* Begin PBXResourcesBuildPhase section */
		F41BDBAC1E998A590029DF1B /* Resources */ = {
			isa = PBXResourcesBuildPhase;
			buildActionMask = 2147483647;
			files = (
				F41BDBBC1E998A590029DF1B /* LaunchScreen.storyboard in Resources */,
				F41BDBB91E998A590029DF1B /* Assets.xcassets in Resources */,
				F41BDBB71E998A590029DF1B /* Main.storyboard in Resources */,
			);
			runOnlyForDeploymentPostprocessing = 0;
		};
		F41BDBC01E998A590029DF1B /* Resources */ = {
			isa = PBXResourcesBuildPhase;
			buildActionMask = 2147483647;
			files = (
			);
			runOnlyForDeploymentPostprocessing = 0;
		};
		F41BDBCB1E998A590029DF1B /* Resources */ = {
			isa = PBXResourcesBuildPhase;
			buildActionMask = 2147483647;
			files = (
			);
			runOnlyForDeploymentPostprocessing = 0;
		};
/* End PBXResourcesBuildPhase section */

/* Begin PBXShellScriptBuildPhase section */
		035AA27AA26C9AE157FBC58A /* [CP] Check Pods Manifest.lock */ = {
			isa = PBXShellScriptBuildPhase;
			buildActionMask = 2147483647;
			files = (
			);
			inputPaths = (
			);
			name = "[CP] Check Pods Manifest.lock";
			outputPaths = (
			);
			runOnlyForDeploymentPostprocessing = 0;
			shellPath = /bin/sh;
			shellScript = "diff \"${PODS_ROOT}/../Podfile.lock\" \"${PODS_ROOT}/Manifest.lock\" > /dev/null\nif [ $? != 0 ] ; then\n    # print error to STDERR\n    echo \"error: The sandbox is not in sync with the Podfile.lock. Run 'pod install' or update your CocoaPods installation.\" >&2\n    exit 1\nfi\n";
			showEnvVarsInLog = 0;
		};
		05DBC91A77E7514B4BF7B202 /* [CP] Copy Pods Resources */ = {
			isa = PBXShellScriptBuildPhase;
			buildActionMask = 2147483647;
			files = (
			);
			inputPaths = (
			);
			name = "[CP] Copy Pods Resources";
			outputPaths = (
			);
			runOnlyForDeploymentPostprocessing = 0;
			shellPath = /bin/sh;
			shellScript = "\"${SRCROOT}/Pods/Target Support Files/Pods-weatherApp/Pods-weatherApp-resources.sh\"\n";
			showEnvVarsInLog = 0;
		};
		412E2594E263D3C5FFB4D0E9 /* [CP] Check Pods Manifest.lock */ = {
			isa = PBXShellScriptBuildPhase;
			buildActionMask = 2147483647;
			files = (
			);
			inputPaths = (
			);
			name = "[CP] Check Pods Manifest.lock";
			outputPaths = (
			);
			runOnlyForDeploymentPostprocessing = 0;
			shellPath = /bin/sh;
			shellScript = "diff \"${PODS_ROOT}/../Podfile.lock\" \"${PODS_ROOT}/Manifest.lock\" > /dev/null\nif [ $? != 0 ] ; then\n    # print error to STDERR\n    echo \"error: The sandbox is not in sync with the Podfile.lock. Run 'pod install' or update your CocoaPods installation.\" >&2\n    exit 1\nfi\n";
			showEnvVarsInLog = 0;
		};
		96664D6965681A5CD0DD7201 /* [CP] Embed Pods Frameworks */ = {
			isa = PBXShellScriptBuildPhase;
			buildActionMask = 2147483647;
			files = (
			);
			inputPaths = (
			);
			name = "[CP] Embed Pods Frameworks";
			outputPaths = (
			);
			runOnlyForDeploymentPostprocessing = 0;
			shellPath = /bin/sh;
			shellScript = "\"${SRCROOT}/Pods/Target Support Files/Pods-weatherAppTests/Pods-weatherAppTests-frameworks.sh\"\n";
			showEnvVarsInLog = 0;
		};
		A37BF4C27A40F4514A68581B /* [CP] Embed Pods Frameworks */ = {
			isa = PBXShellScriptBuildPhase;
			buildActionMask = 2147483647;
			files = (
			);
			inputPaths = (
			);
			name = "[CP] Embed Pods Frameworks";
			outputPaths = (
			);
			runOnlyForDeploymentPostprocessing = 0;
			shellPath = /bin/sh;
			shellScript = "\"${SRCROOT}/Pods/Target Support Files/Pods-weatherAppUITests/Pods-weatherAppUITests-frameworks.sh\"\n";
			showEnvVarsInLog = 0;
		};
		B381B848074E0233639E1C44 /* [CP] Copy Pods Resources */ = {
			isa = PBXShellScriptBuildPhase;
			buildActionMask = 2147483647;
			files = (
			);
			inputPaths = (
			);
			name = "[CP] Copy Pods Resources";
			outputPaths = (
			);
			runOnlyForDeploymentPostprocessing = 0;
			shellPath = /bin/sh;
			shellScript = "\"${SRCROOT}/Pods/Target Support Files/Pods-weatherAppUITests/Pods-weatherAppUITests-resources.sh\"\n";
			showEnvVarsInLog = 0;
		};
		E14B2BAF628073F9F9C80D7B /* [CP] Copy Pods Resources */ = {
			isa = PBXShellScriptBuildPhase;
			buildActionMask = 2147483647;
			files = (
			);
			inputPaths = (
			);
			name = "[CP] Copy Pods Resources";
			outputPaths = (
			);
			runOnlyForDeploymentPostprocessing = 0;
			shellPath = /bin/sh;
			shellScript = "\"${SRCROOT}/Pods/Target Support Files/Pods-weatherAppTests/Pods-weatherAppTests-resources.sh\"\n";
			showEnvVarsInLog = 0;
		};
		E909F9E1BBDA5FCEFDE3BF0B /* [CP] Embed Pods Frameworks */ = {
			isa = PBXShellScriptBuildPhase;
			buildActionMask = 2147483647;
			files = (
			);
			inputPaths = (
			);
			name = "[CP] Embed Pods Frameworks";
			outputPaths = (
			);
			runOnlyForDeploymentPostprocessing = 0;
			shellPath = /bin/sh;
			shellScript = "\"${SRCROOT}/Pods/Target Support Files/Pods-weatherApp/Pods-weatherApp-frameworks.sh\"\n";
			showEnvVarsInLog = 0;
		};
		FFCAB7D46342FF2664B829D6 /* [CP] Check Pods Manifest.lock */ = {
			isa = PBXShellScriptBuildPhase;
			buildActionMask = 2147483647;
			files = (
			);
			inputPaths = (
			);
			name = "[CP] Check Pods Manifest.lock";
			outputPaths = (
			);
			runOnlyForDeploymentPostprocessing = 0;
			shellPath = /bin/sh;
			shellScript = "diff \"${PODS_ROOT}/../Podfile.lock\" \"${PODS_ROOT}/Manifest.lock\" > /dev/null\nif [ $? != 0 ] ; then\n    # print error to STDERR\n    echo \"error: The sandbox is not in sync with the Podfile.lock. Run 'pod install' or update your CocoaPods installation.\" >&2\n    exit 1\nfi\n";
			showEnvVarsInLog = 0;
		};
/* End PBXShellScriptBuildPhase section */

/* Begin PBXSourcesBuildPhase section */
		F41BDBAA1E998A590029DF1B /* Sources */ = {
			isa = PBXSourcesBuildPhase;
			buildActionMask = 2147483647;
			files = (
				F41BDBB41E998A590029DF1B /* WeatherVC.swift in Sources */,
				F41BDBB21E998A590029DF1B /* AppDelegate.swift in Sources */,
				F41F9ABD1EA7EF9C00D26A52 /* WeatherCell.swift in Sources */,
				F414A8E21E9C6C31008F576F /* CurrentWeather.swift in Sources */,
				F414A8E01E9C619B008F576F /* Constants.swift in Sources */,
				F40C86651EA57256009A6883 /* Forecast.swift in Sources */,
				F4C295561EAA7B9B00E48A92 /* Location.swift in Sources */,
			);
			runOnlyForDeploymentPostprocessing = 0;
		};
		F41BDBBE1E998A590029DF1B /* Sources */ = {
			isa = PBXSourcesBuildPhase;
			buildActionMask = 2147483647;
			files = (
				F41BDBC71E998A590029DF1B /* weatherAppTests.swift in Sources */,
			);
			runOnlyForDeploymentPostprocessing = 0;
		};
		F41BDBC91E998A590029DF1B /* Sources */ = {
			isa = PBXSourcesBuildPhase;
			buildActionMask = 2147483647;
			files = (
				F41BDBD21E998A590029DF1B /* weatherAppUITests.swift in Sources */,
			);
			runOnlyForDeploymentPostprocessing = 0;
		};
/* End PBXSourcesBuildPhase section */

/* Begin PBXTargetDependency section */
		F41BDBC41E998A590029DF1B /* PBXTargetDependency */ = {
			isa = PBXTargetDependency;
			target = F41BDBAD1E998A590029DF1B /* weatherApp */;
			targetProxy = F41BDBC31E998A590029DF1B /* PBXContainerItemProxy */;
		};
		F41BDBCF1E998A590029DF1B /* PBXTargetDependency */ = {
			isa = PBXTargetDependency;
			target = F41BDBAD1E998A590029DF1B /* weatherApp */;
			targetProxy = F41BDBCE1E998A590029DF1B /* PBXContainerItemProxy */;
		};
		F46F30F61E9D697500B0E847 /* PBXTargetDependency */ = {
			isa = PBXTargetDependency;
			name = "Alamofire iOS";
			targetProxy = F46F30F51E9D697500B0E847 /* PBXContainerItemProxy */;
		};
/* End PBXTargetDependency section */

/* Begin PBXVariantGroup section */
		F41BDBB51E998A590029DF1B /* Main.storyboard */ = {
			isa = PBXVariantGroup;
			children = (
				F41BDBB61E998A590029DF1B /* Base */,
			);
			name = Main.storyboard;
			sourceTree = "<group>";
		};
		F41BDBBA1E998A590029DF1B /* LaunchScreen.storyboard */ = {
			isa = PBXVariantGroup;
			children = (
				F41BDBBB1E998A590029DF1B /* Base */,
			);
			name = LaunchScreen.storyboard;
			sourceTree = "<group>";
		};
/* End PBXVariantGroup section */

/* Begin XCBuildConfiguration section */
		F41BDBD41E998A590029DF1B /* Debug */ = {
			isa = XCBuildConfiguration;
			buildSettings = {
				ALWAYS_SEARCH_USER_PATHS = NO;
				CLANG_ANALYZER_NONNULL = YES;
				CLANG_CXX_LANGUAGE_STANDARD = "gnu++0x";
				CLANG_CXX_LIBRARY = "libc++";
				CLANG_ENABLE_MODULES = YES;
				CLANG_ENABLE_OBJC_ARC = YES;
				CLANG_WARN_BOOL_CONVERSION = YES;
				CLANG_WARN_CONSTANT_CONVERSION = YES;
				CLANG_WARN_DIRECT_OBJC_ISA_USAGE = YES_ERROR;
				CLANG_WARN_DOCUMENTATION_COMMENTS = YES;
				CLANG_WARN_EMPTY_BODY = YES;
				CLANG_WARN_ENUM_CONVERSION = YES;
				CLANG_WARN_INFINITE_RECURSION = YES;
				CLANG_WARN_INT_CONVERSION = YES;
				CLANG_WARN_OBJC_ROOT_CLASS = YES_ERROR;
				CLANG_WARN_SUSPICIOUS_MOVE = YES;
				CLANG_WARN_UNREACHABLE_CODE = YES;
				CLANG_WARN__DUPLICATE_METHOD_MATCH = YES;
				"CODE_SIGN_IDENTITY[sdk=iphoneos*]" = "iPhone Developer";
				COPY_PHASE_STRIP = NO;
				DEBUG_INFORMATION_FORMAT = dwarf;
				ENABLE_STRICT_OBJC_MSGSEND = YES;
				ENABLE_TESTABILITY = YES;
				GCC_C_LANGUAGE_STANDARD = gnu99;
				GCC_DYNAMIC_NO_PIC = NO;
				GCC_NO_COMMON_BLOCKS = YES;
				GCC_OPTIMIZATION_LEVEL = 0;
				GCC_PREPROCESSOR_DEFINITIONS = (
					"DEBUG=1",
					"$(inherited)",
				);
				GCC_WARN_64_TO_32_BIT_CONVERSION = YES;
				GCC_WARN_ABOUT_RETURN_TYPE = YES_ERROR;
				GCC_WARN_UNDECLARED_SELECTOR = YES;
				GCC_WARN_UNINITIALIZED_AUTOS = YES_AGGRESSIVE;
				GCC_WARN_UNUSED_FUNCTION = YES;
				GCC_WARN_UNUSED_VARIABLE = YES;
				IPHONEOS_DEPLOYMENT_TARGET = 10.2;
				MTL_ENABLE_DEBUG_INFO = YES;
				ONLY_ACTIVE_ARCH = YES;
				SDKROOT = iphoneos;
				SWIFT_ACTIVE_COMPILATION_CONDITIONS = DEBUG;
				SWIFT_OPTIMIZATION_LEVEL = "-Onone";
				TARGETED_DEVICE_FAMILY = "1,2";
			};
			name = Debug;
		};
		F41BDBD51E998A590029DF1B /* Release */ = {
			isa = XCBuildConfiguration;
			buildSettings = {
				ALWAYS_SEARCH_USER_PATHS = NO;
				CLANG_ANALYZER_NONNULL = YES;
				CLANG_CXX_LANGUAGE_STANDARD = "gnu++0x";
				CLANG_CXX_LIBRARY = "libc++";
				CLANG_ENABLE_MODULES = YES;
				CLANG_ENABLE_OBJC_ARC = YES;
				CLANG_WARN_BOOL_CONVERSION = YES;
				CLANG_WARN_CONSTANT_CONVERSION = YES;
				CLANG_WARN_DIRECT_OBJC_ISA_USAGE = YES_ERROR;
				CLANG_WARN_DOCUMENTATION_COMMENTS = YES;
				CLANG_WARN_EMPTY_BODY = YES;
				CLANG_WARN_ENUM_CONVERSION = YES;
				CLANG_WARN_INFINITE_RECURSION = YES;
				CLANG_WARN_INT_CONVERSION = YES;
				CLANG_WARN_OBJC_ROOT_CLASS = YES_ERROR;
				CLANG_WARN_SUSPICIOUS_MOVE = YES;
				CLANG_WARN_UNREACHABLE_CODE = YES;
				CLANG_WARN__DUPLICATE_METHOD_MATCH = YES;
				"CODE_SIGN_IDENTITY[sdk=iphoneos*]" = "iPhone Developer";
				COPY_PHASE_STRIP = NO;
				DEBUG_INFORMATION_FORMAT = "dwarf-with-dsym";
				ENABLE_NS_ASSERTIONS = NO;
				ENABLE_STRICT_OBJC_MSGSEND = YES;
				GCC_C_LANGUAGE_STANDARD = gnu99;
				GCC_NO_COMMON_BLOCKS = YES;
				GCC_WARN_64_TO_32_BIT_CONVERSION = YES;
				GCC_WARN_ABOUT_RETURN_TYPE = YES_ERROR;
				GCC_WARN_UNDECLARED_SELECTOR = YES;
				GCC_WARN_UNINITIALIZED_AUTOS = YES_AGGRESSIVE;
				GCC_WARN_UNUSED_FUNCTION = YES;
				GCC_WARN_UNUSED_VARIABLE = YES;
				IPHONEOS_DEPLOYMENT_TARGET = 10.2;
				MTL_ENABLE_DEBUG_INFO = NO;
				ONLY_ACTIVE_ARCH = YES;
				SDKROOT = iphoneos;
				SWIFT_OPTIMIZATION_LEVEL = "-Owholemodule";
				TARGETED_DEVICE_FAMILY = "1,2";
				VALIDATE_PRODUCT = YES;
			};
			name = Release;
		};
		F41BDBD71E998A590029DF1B /* Debug */ = {
			isa = XCBuildConfiguration;
			baseConfigurationReference = 9035BF9A5FBB63B9915E69B9 /* Pods-weatherApp.debug.xcconfig */;
			buildSettings = {
				ALWAYS_EMBED_SWIFT_STANDARD_LIBRARIES = YES;
				ASSETCATALOG_COMPILER_APPICON_NAME = AppIcon;
				DEVELOPMENT_TEAM = XYRU9GS26N;
				FRAMEWORK_SEARCH_PATHS = (
					"$(inherited)",
					"$(PROJECT_DIR)/build/Debug-iphoneos/Alamofire",
				);
				INFOPLIST_FILE = weatherApp/Info.plist;
				IPHONEOS_DEPLOYMENT_TARGET = 10.2;
				LD_RUNPATH_SEARCH_PATHS = "$(inherited) @executable_path/Frameworks";
				PRODUCT_BUNDLE_IDENTIFIER = "Bryan-Fein.weatherApp";
				PRODUCT_NAME = "$(TARGET_NAME)";
				SWIFT_VERSION = 3.0;
				TARGETED_DEVICE_FAMILY = 1;
			};
			name = Debug;
		};
		F41BDBD81E998A590029DF1B /* Release */ = {
			isa = XCBuildConfiguration;
			baseConfigurationReference = D15A0D083E5E216532BA2138 /* Pods-weatherApp.release.xcconfig */;
			buildSettings = {
				ALWAYS_EMBED_SWIFT_STANDARD_LIBRARIES = YES;
				ASSETCATALOG_COMPILER_APPICON_NAME = AppIcon;
				DEVELOPMENT_TEAM = XYRU9GS26N;
				FRAMEWORK_SEARCH_PATHS = (
					"$(inherited)",
					"$(PROJECT_DIR)/build/Debug-iphoneos/Alamofire",
				);
				INFOPLIST_FILE = weatherApp/Info.plist;
				IPHONEOS_DEPLOYMENT_TARGET = 10.2;
				LD_RUNPATH_SEARCH_PATHS = "$(inherited) @executable_path/Frameworks";
				PRODUCT_BUNDLE_IDENTIFIER = "Bryan-Fein.weatherApp";
				PRODUCT_NAME = "$(TARGET_NAME)";
				SWIFT_VERSION = 3.0;
				TARGETED_DEVICE_FAMILY = 1;
			};
			name = Release;
		};
		F41BDBDA1E998A590029DF1B /* Debug */ = {
			isa = XCBuildConfiguration;
			baseConfigurationReference = 4DAE3A34B02206D9DFDDF613 /* Pods-weatherAppTests.debug.xcconfig */;
			buildSettings = {
				ALWAYS_EMBED_SWIFT_STANDARD_LIBRARIES = YES;
				BUNDLE_LOADER = "$(TEST_HOST)";
				INFOPLIST_FILE = weatherAppTests/Info.plist;
				LD_RUNPATH_SEARCH_PATHS = "$(inherited) @executable_path/Frameworks @loader_path/Frameworks";
				PRODUCT_BUNDLE_IDENTIFIER = "Bryan-Fein.weatherAppTests";
				PRODUCT_NAME = "$(TARGET_NAME)";
				SWIFT_VERSION = 3.0;
				TEST_HOST = "$(BUILT_PRODUCTS_DIR)/weatherApp.app/weatherApp";
			};
			name = Debug;
		};
		F41BDBDB1E998A590029DF1B /* Release */ = {
			isa = XCBuildConfiguration;
			baseConfigurationReference = 5D8ADF2057A71DC7F69B2CF4 /* Pods-weatherAppTests.release.xcconfig */;
			buildSettings = {
				ALWAYS_EMBED_SWIFT_STANDARD_LIBRARIES = YES;
				BUNDLE_LOADER = "$(TEST_HOST)";
				INFOPLIST_FILE = weatherAppTests/Info.plist;
				LD_RUNPATH_SEARCH_PATHS = "$(inherited) @executable_path/Frameworks @loader_path/Frameworks";
				PRODUCT_BUNDLE_IDENTIFIER = "Bryan-Fein.weatherAppTests";
				PRODUCT_NAME = "$(TARGET_NAME)";
				SWIFT_VERSION = 3.0;
				TEST_HOST = "$(BUILT_PRODUCTS_DIR)/weatherApp.app/weatherApp";
			};
			name = Release;
		};
		F41BDBDD1E998A590029DF1B /* Debug */ = {
			isa = XCBuildConfiguration;
			baseConfigurationReference = 6E55D9811A999C790DC6F62E /* Pods-weatherAppUITests.debug.xcconfig */;
			buildSettings = {
				ALWAYS_EMBED_SWIFT_STANDARD_LIBRARIES = YES;
				INFOPLIST_FILE = weatherAppUITests/Info.plist;
				LD_RUNPATH_SEARCH_PATHS = "$(inherited) @executable_path/Frameworks @loader_path/Frameworks";
				PRODUCT_BUNDLE_IDENTIFIER = "Bryan-Fein.weatherAppUITests";
				PRODUCT_NAME = "$(TARGET_NAME)";
				SWIFT_VERSION = 3.0;
				TEST_TARGET_NAME = weatherApp;
			};
			name = Debug;
		};
		F41BDBDE1E998A590029DF1B /* Release */ = {
			isa = XCBuildConfiguration;
			baseConfigurationReference = 1FA4FEA9DAB553D29F32CF9E /* Pods-weatherAppUITests.release.xcconfig */;
			buildSettings = {
				ALWAYS_EMBED_SWIFT_STANDARD_LIBRARIES = YES;
				INFOPLIST_FILE = weatherAppUITests/Info.plist;
				LD_RUNPATH_SEARCH_PATHS = "$(inherited) @executable_path/Frameworks @loader_path/Frameworks";
				PRODUCT_BUNDLE_IDENTIFIER = "Bryan-Fein.weatherAppUITests";
				PRODUCT_NAME = "$(TARGET_NAME)";
				SWIFT_VERSION = 3.0;
				TEST_TARGET_NAME = weatherApp;
			};
			name = Release;
		};
/* End XCBuildConfiguration section */

/* Begin XCConfigurationList section */
		F41BDBA91E998A590029DF1B /* Build configuration list for PBXProject "weatherApp" */ = {
			isa = XCConfigurationList;
			buildConfigurations = (
				F41BDBD41E998A590029DF1B /* Debug */,
				F41BDBD51E998A590029DF1B /* Release */,
			);
			defaultConfigurationIsVisible = 0;
			defaultConfigurationName = Release;
		};
		F41BDBD61E998A590029DF1B /* Build configuration list for PBXNativeTarget "weatherApp" */ = {
			isa = XCConfigurationList;
			buildConfigurations = (
				F41BDBD71E998A590029DF1B /* Debug */,
				F41BDBD81E998A590029DF1B /* Release */,
			);
			defaultConfigurationIsVisible = 0;
			defaultConfigurationName = Release;
		};
		F41BDBD91E998A590029DF1B /* Build configuration list for PBXNativeTarget "weatherAppTests" */ = {
			isa = XCConfigurationList;
			buildConfigurations = (
				F41BDBDA1E998A590029DF1B /* Debug */,
				F41BDBDB1E998A590029DF1B /* Release */,
			);
			defaultConfigurationIsVisible = 0;
			defaultConfigurationName = Release;
		};
		F41BDBDC1E998A590029DF1B /* Build configuration list for PBXNativeTarget "weatherAppUITests" */ = {
			isa = XCConfigurationList;
			buildConfigurations = (
				F41BDBDD1E998A590029DF1B /* Debug */,
				F41BDBDE1E998A590029DF1B /* Release */,
			);
			defaultConfigurationIsVisible = 0;
			defaultConfigurationName = Release;
		};
/* End XCConfigurationList section */
	};
	rootObject = F41BDBA61E998A590029DF1B /* Project object */;
}
